// !$*UTF8*$!
{
	archiveVersion = 1;
	classes = {
	};
	objectVersion = 56;
	objects = {

/* Begin PBXBuildFile section */
		BE8519BC28FFDC2B00CD594E /* repertoire.c in Sources */ = {isa = PBXBuildFile; fileRef = BE8519BA28FFDBFB00CD594E /* repertoire.c */; };
		BE8519CE2900324600CD594E /* src in Sources */ = {isa = PBXBuildFile; fileRef = BE8519C92900324600CD594E /* src */; };
		BE8CED52290E6EA300B5300A /* main.c in Sources */ = {isa = PBXBuildFile; fileRef = BE8CED51290E6EA300B5300A /* main.c */; };
/* End PBXBuildFile section */

/* Begin PBXCopyFilesBuildPhase section */
		BE8519AD28FFDABD00CD594E /* CopyFiles */ = {
			isa = PBXCopyFilesBuildPhase;
			buildActionMask = 2147483647;
			dstPath = /usr/share/man/man1/;
			dstSubfolderSpec = 0;
			files = (
			);
			runOnlyForDeploymentPostprocessing = 1;
		};
		BE8519BF2900316600CD594E /* CopyFiles */ = {
			isa = PBXCopyFilesBuildPhase;
			buildActionMask = 2147483647;
			dstPath = /usr/share/man/man1/;
			dstSubfolderSpec = 0;
			files = (
			);
			runOnlyForDeploymentPostprocessing = 1;
		};
		BE8CED4D290E6EA300B5300A /* CopyFiles */ = {
			isa = PBXCopyFilesBuildPhase;
			buildActionMask = 2147483647;
			dstPath = /usr/share/man/man1/;
			dstSubfolderSpec = 0;
			files = (
			);
			runOnlyForDeploymentPostprocessing = 1;
		};
/* End PBXCopyFilesBuildPhase section */

/* Begin PBXFileReference section */
		BE8519AF28FFDABD00CD594E /* repertoire */ = {isa = PBXFileReference; explicitFileType = "compiled.mach-o.executable"; includeInIndex = 0; path = repertoire; sourceTree = BUILT_PRODUCTS_DIR; };
		BE8519B928FFDBFB00CD594E /* repertoire.h */ = {isa = PBXFileReference; lastKnownFileType = sourcecode.c.h; path = repertoire.h; sourceTree = "<group>"; };
		BE8519BA28FFDBFB00CD594E /* repertoire.c */ = {isa = PBXFileReference; lastKnownFileType = sourcecode.c.c; path = repertoire.c; sourceTree = "<group>"; };
		BE8519C12900316600CD594E /* client-serveur */ = {isa = PBXFileReference; explicitFileType = "compiled.mach-o.executable"; includeInIndex = 0; path = "client-serveur"; sourceTree = BUILT_PRODUCTS_DIR; };
		BE8519C92900324600CD594E /* src */ = {isa = PBXFileReference; fileEncoding = 4; lastKnownFileType = folder; path = src; sourceTree = "<group>"; };
		BE8519D02907C77900CD594E /* etudiant */ = {isa = PBXFileReference; lastKnownFileType = folder; path = etudiant; sourceTree = "<group>"; };
		BE8CED4F290E6EA300B5300A /* test */ = {isa = PBXFileReference; explicitFileType = "compiled.mach-o.executable"; includeInIndex = 0; path = test; sourceTree = BUILT_PRODUCTS_DIR; };
		BE8CED51290E6EA300B5300A /* main.c */ = {isa = PBXFileReference; lastKnownFileType = sourcecode.c.c; name = main.c; path = /Users/martincova/Documents/Code/Progc/TP5/test/main.c; sourceTree = "<absolute>"; };
		BE8CED57290E84ED00B5300A /* main.h */ = {isa = PBXFileReference; lastKnownFileType = sourcecode.c.h; path = main.h; sourceTree = "<group>"; };
		BE8CED59290EFDCC00B5300A /* test.json */ = {isa = PBXFileReference; lastKnownFileType = text.json; path = test.json; sourceTree = "<group>"; };
/* End PBXFileReference section */

/* Begin PBXFrameworksBuildPhase section */
		BE8519AC28FFDABD00CD594E /* Frameworks */ = {
			isa = PBXFrameworksBuildPhase;
			buildActionMask = 2147483647;
			files = (
			);
			runOnlyForDeploymentPostprocessing = 0;
		};
		BE8519BE2900316600CD594E /* Frameworks */ = {
			isa = PBXFrameworksBuildPhase;
			buildActionMask = 2147483647;
			files = (
			);
			runOnlyForDeploymentPostprocessing = 0;
		};
		BE8CED4C290E6EA300B5300A /* Frameworks */ = {
			isa = PBXFrameworksBuildPhase;
			buildActionMask = 2147483647;
			files = (
			);
			runOnlyForDeploymentPostprocessing = 0;
		};
/* End PBXFrameworksBuildPhase section */

/* Begin PBXGroup section */
		BE85199828FFD8D900CD594E = {
			isa = PBXGroup;
			children = (
				BE8519B028FFDABD00CD594E /* repertoire */,
				BE8519C22900316600CD594E /* client-serveur */,
				BE8CED50290E6EA300B5300A /* test */,
				BE8519A228FFD8D900CD594E /* Products */,
			);
			sourceTree = "<group>";
		};
		BE8519A228FFD8D900CD594E /* Products */ = {
			isa = PBXGroup;
			children = (
				BE8519AF28FFDABD00CD594E /* repertoire */,
				BE8519C12900316600CD594E /* client-serveur */,
				BE8CED4F290E6EA300B5300A /* test */,
			);
			name = Products;
			sourceTree = "<group>";
		};
		BE8519B028FFDABD00CD594E /* repertoire */ = {
			isa = PBXGroup;
			children = (
				BE8519B928FFDBFB00CD594E /* repertoire.h */,
				BE8519BA28FFDBFB00CD594E /* repertoire.c */,
			);
			path = repertoire;
			sourceTree = "<group>";
		};
		BE8519C22900316600CD594E /* client-serveur */ = {
			isa = PBXGroup;
			children = (
				BE8519D02907C77900CD594E /* etudiant */,
				BE8519C92900324600CD594E /* src */,
			);
			path = "client-serveur";
			sourceTree = "<group>";
		};
		BE8CED50290E6EA300B5300A /* test */ = {
			isa = PBXGroup;
			children = (
				BE8CED57290E84ED00B5300A /* main.h */,
				BE8CED51290E6EA300B5300A /* main.c */,
				BE8CED59290EFDCC00B5300A /* test.json */,
			);
			path = test;
			sourceTree = "<group>";
		};
/* End PBXGroup section */

/* Begin PBXNativeTarget section */
		BE8519AE28FFDABD00CD594E /* repertoire */ = {
			isa = PBXNativeTarget;
			buildConfigurationList = BE8519B328FFDABD00CD594E /* Build configuration list for PBXNativeTarget "repertoire" */;
			buildPhases = (
				BE8519AB28FFDABD00CD594E /* Sources */,
				BE8519AC28FFDABD00CD594E /* Frameworks */,
				BE8519AD28FFDABD00CD594E /* CopyFiles */,
			);
			buildRules = (
			);
			dependencies = (
			);
			name = repertoire;
			productName = repertoire;
			productReference = BE8519AF28FFDABD00CD594E /* repertoire */;
			productType = "com.apple.product-type.tool";
		};
		BE8519C02900316600CD594E /* client-serveur */ = {
			isa = PBXNativeTarget;
			buildConfigurationList = BE8519C52900316600CD594E /* Build configuration list for PBXNativeTarget "client-serveur" */;
			buildPhases = (
				BE8519BD2900316600CD594E /* Sources */,
				BE8519BE2900316600CD594E /* Frameworks */,
				BE8519BF2900316600CD594E /* CopyFiles */,
			);
			buildRules = (
			);
			dependencies = (
			);
			name = "client-serveur";
			productName = "client-serveur";
			productReference = BE8519C12900316600CD594E /* client-serveur */;
			productType = "com.apple.product-type.tool";
		};
		BE8CED4E290E6EA300B5300A /* test */ = {
			isa = PBXNativeTarget;
			buildConfigurationList = BE8CED55290E6EA300B5300A /* Build configuration list for PBXNativeTarget "test" */;
			buildPhases = (
				BE8CED4B290E6EA300B5300A /* Sources */,
				BE8CED4C290E6EA300B5300A /* Frameworks */,
				BE8CED4D290E6EA300B5300A /* CopyFiles */,
			);
			buildRules = (
			);
			dependencies = (
			);
			name = test;
			productName = test;
			productReference = BE8CED4F290E6EA300B5300A /* test */;
			productType = "com.apple.product-type.tool";
		};
/* End PBXNativeTarget section */

/* Begin PBXProject section */
		BE85199928FFD8D900CD594E /* Project object */ = {
			isa = PBXProject;
			attributes = {
				BuildIndependentTargetsInParallel = 1;
				LastUpgradeCheck = 1400;
				TargetAttributes = {
					BE8519AE28FFDABD00CD594E = {
						CreatedOnToolsVersion = 14.0;
					};
					BE8519C02900316600CD594E = {
						CreatedOnToolsVersion = 14.0;
					};
					BE8CED4E290E6EA300B5300A = {
						CreatedOnToolsVersion = 14.0;
					};
				};
			};
			buildConfigurationList = BE85199C28FFD8D900CD594E /* Build configuration list for PBXProject "TP5" */;
			compatibilityVersion = "Xcode 14.0";
			developmentRegion = en;
			hasScannedForEncodings = 0;
			knownRegions = (
				en,
				Base,
			);
			mainGroup = BE85199828FFD8D900CD594E;
			productRefGroup = BE8519A228FFD8D900CD594E /* Products */;
			projectDirPath = "";
			projectRoot = "";
			targets = (
				BE8519AE28FFDABD00CD594E /* repertoire */,
				BE8519C02900316600CD594E /* client-serveur */,
				BE8CED4E290E6EA300B5300A /* test */,
			);
		};
/* End PBXProject section */

/* Begin PBXSourcesBuildPhase section */
		BE8519AB28FFDABD00CD594E /* Sources */ = {
			isa = PBXSourcesBuildPhase;
			buildActionMask = 2147483647;
			files = (
				BE8519BC28FFDC2B00CD594E /* repertoire.c in Sources */,
			);
			runOnlyForDeploymentPostprocessing = 0;
		};
		BE8519BD2900316600CD594E /* Sources */ = {
			isa = PBXSourcesBuildPhase;
			buildActionMask = 2147483647;
			files = (
				BE8519CE2900324600CD594E /* src in Sources */,
			);
			runOnlyForDeploymentPostprocessing = 0;
		};
		BE8CED4B290E6EA300B5300A /* Sources */ = {
			isa = PBXSourcesBuildPhase;
			buildActionMask = 2147483647;
			files = (
				BE8CED52290E6EA300B5300A /* main.c in Sources */,
			);
			runOnlyForDeploymentPostprocessing = 0;
		};
/* End PBXSourcesBuildPhase section */

/* Begin XCBuildConfiguration section */
		BE8519A628FFD8D900CD594E /* Debug */ = {
			isa = XCBuildConfiguration;
			buildSettings = {
				ALWAYS_SEARCH_USER_PATHS = NO;
				CLANG_ANALYZER_NONNULL = YES;
				CLANG_ANALYZER_NUMBER_OBJECT_CONVERSION = YES_AGGRESSIVE;
				CLANG_CXX_LANGUAGE_STANDARD = "gnu++20";
				CLANG_ENABLE_MODULES = YES;
				CLANG_ENABLE_OBJC_ARC = YES;
				CLANG_ENABLE_OBJC_WEAK = YES;
				CLANG_WARN_BLOCK_CAPTURE_AUTORELEASING = YES;
				CLANG_WARN_BOOL_CONVERSION = YES;
				CLANG_WARN_COMMA = YES;
				CLANG_WARN_CONSTANT_CONVERSION = YES;
				CLANG_WARN_DEPRECATED_OBJC_IMPLEMENTATIONS = YES;
				CLANG_WARN_DIRECT_OBJC_ISA_USAGE = YES_ERROR;
				CLANG_WARN_DOCUMENTATION_COMMENTS = YES;
				CLANG_WARN_EMPTY_BODY = YES;
				CLANG_WARN_ENUM_CONVERSION = YES;
				CLANG_WARN_INFINITE_RECURSION = YES;
				CLANG_WARN_INT_CONVERSION = YES;
				CLANG_WARN_NON_LITERAL_NULL_CONVERSION = YES;
				CLANG_WARN_OBJC_IMPLICIT_RETAIN_SELF = YES;
				CLANG_WARN_OBJC_LITERAL_CONVERSION = YES;
				CLANG_WARN_OBJC_ROOT_CLASS = YES_ERROR;
				CLANG_WARN_QUOTED_INCLUDE_IN_FRAMEWORK_HEADER = YES;
				CLANG_WARN_RANGE_LOOP_ANALYSIS = YES;
				CLANG_WARN_STRICT_PROTOTYPES = YES;
				CLANG_WARN_SUSPICIOUS_MOVE = YES;
				CLANG_WARN_UNGUARDED_AVAILABILITY = YES_AGGRESSIVE;
				CLANG_WARN_UNREACHABLE_CODE = YES;
				CLANG_WARN__DUPLICATE_METHOD_MATCH = YES;
				COPY_PHASE_STRIP = NO;
				DEBUG_INFORMATION_FORMAT = dwarf;
				ENABLE_STRICT_OBJC_MSGSEND = YES;
				ENABLE_TESTABILITY = YES;
				GCC_C_LANGUAGE_STANDARD = gnu11;
				GCC_DYNAMIC_NO_PIC = NO;
				GCC_NO_COMMON_BLOCKS = YES;
				GCC_OPTIMIZATION_LEVEL = 0;
				GCC_PREPROCESSOR_DEFINITIONS = (
					"DEBUG=1",
					"$(inherited)",
				);
				GCC_WARN_64_TO_32_BIT_CONVERSION = YES;
				GCC_WARN_ABOUT_RETURN_TYPE = YES_ERROR;
				GCC_WARN_UNDECLARED_SELECTOR = YES;
				GCC_WARN_UNINITIALIZED_AUTOS = YES_AGGRESSIVE;
				GCC_WARN_UNUSED_FUNCTION = YES;
				GCC_WARN_UNUSED_VARIABLE = YES;
				MACOSX_DEPLOYMENT_TARGET = 12.3;
				MTL_ENABLE_DEBUG_INFO = INCLUDE_SOURCE;
				MTL_FAST_MATH = YES;
				ONLY_ACTIVE_ARCH = YES;
				SDKROOT = macosx;
			};
			name = Debug;
		};
		BE8519A728FFD8D900CD594E /* Release */ = {
			isa = XCBuildConfiguration;
			buildSettings = {
				ALWAYS_SEARCH_USER_PATHS = NO;
				CLANG_ANALYZER_NONNULL = YES;
				CLANG_ANALYZER_NUMBER_OBJECT_CONVERSION = YES_AGGRESSIVE;
				CLANG_CXX_LANGUAGE_STANDARD = "gnu++20";
				CLANG_ENABLE_MODULES = YES;
				CLANG_ENABLE_OBJC_ARC = YES;
				CLANG_ENABLE_OBJC_WEAK = YES;
				CLANG_WARN_BLOCK_CAPTURE_AUTORELEASING = YES;
				CLANG_WARN_BOOL_CONVERSION = YES;
				CLANG_WARN_COMMA = YES;
				CLANG_WARN_CONSTANT_CONVERSION = YES;
				CLANG_WARN_DEPRECATED_OBJC_IMPLEMENTATIONS = YES;
				CLANG_WARN_DIRECT_OBJC_ISA_USAGE = YES_ERROR;
				CLANG_WARN_DOCUMENTATION_COMMENTS = YES;
				CLANG_WARN_EMPTY_BODY = YES;
				CLANG_WARN_ENUM_CONVERSION = YES;
				CLANG_WARN_INFINITE_RECURSION = YES;
				CLANG_WARN_INT_CONVERSION = YES;
				CLANG_WARN_NON_LITERAL_NULL_CONVERSION = YES;
				CLANG_WARN_OBJC_IMPLICIT_RETAIN_SELF = YES;
				CLANG_WARN_OBJC_LITERAL_CONVERSION = YES;
				CLANG_WARN_OBJC_ROOT_CLASS = YES_ERROR;
				CLANG_WARN_QUOTED_INCLUDE_IN_FRAMEWORK_HEADER = YES;
				CLANG_WARN_RANGE_LOOP_ANALYSIS = YES;
				CLANG_WARN_STRICT_PROTOTYPES = YES;
				CLANG_WARN_SUSPICIOUS_MOVE = YES;
				CLANG_WARN_UNGUARDED_AVAILABILITY = YES_AGGRESSIVE;
				CLANG_WARN_UNREACHABLE_CODE = YES;
				CLANG_WARN__DUPLICATE_METHOD_MATCH = YES;
				COPY_PHASE_STRIP = NO;
				DEBUG_INFORMATION_FORMAT = "dwarf-with-dsym";
				ENABLE_NS_ASSERTIONS = NO;
				ENABLE_STRICT_OBJC_MSGSEND = YES;
				GCC_C_LANGUAGE_STANDARD = gnu11;
				GCC_NO_COMMON_BLOCKS = YES;
				GCC_WARN_64_TO_32_BIT_CONVERSION = YES;
				GCC_WARN_ABOUT_RETURN_TYPE = YES_ERROR;
				GCC_WARN_UNDECLARED_SELECTOR = YES;
				GCC_WARN_UNINITIALIZED_AUTOS = YES_AGGRESSIVE;
				GCC_WARN_UNUSED_FUNCTION = YES;
				GCC_WARN_UNUSED_VARIABLE = YES;
				MACOSX_DEPLOYMENT_TARGET = 12.3;
				MTL_ENABLE_DEBUG_INFO = NO;
				MTL_FAST_MATH = YES;
				SDKROOT = macosx;
			};
			name = Release;
		};
		BE8519B428FFDABD00CD594E /* Debug */ = {
			isa = XCBuildConfiguration;
			buildSettings = {
				CODE_SIGN_STYLE = Automatic;
				PRODUCT_NAME = "$(TARGET_NAME)";
			};
			name = Debug;
		};
		BE8519B528FFDABD00CD594E /* Release */ = {
			isa = XCBuildConfiguration;
			buildSettings = {
				CODE_SIGN_STYLE = Automatic;
				PRODUCT_NAME = "$(TARGET_NAME)";
			};
			name = Release;
		};
		BE8519C62900316600CD594E /* Debug */ = {
			isa = XCBuildConfiguration;
			buildSettings = {
				CODE_SIGN_STYLE = Automatic;
				PRODUCT_NAME = "$(TARGET_NAME)";
			};
			name = Debug;
		};
		BE8519C72900316600CD594E /* Release */ = {
			isa = XCBuildConfiguration;
			buildSettings = {
				CODE_SIGN_STYLE = Automatic;
				PRODUCT_NAME = "$(TARGET_NAME)";
			};
			name = Release;
		};
		BE8CED53290E6EA300B5300A /* Debug */ = {
			isa = XCBuildConfiguration;
			buildSettings = {
				"CODE_SIGN_IDENTITY[sdk=macosx*]" = "-";
				CODE_SIGN_STYLE = Automatic;
				PRODUCT_NAME = "$(TARGET_NAME)";
			};
			name = Debug;
		};
		BE8CED54290E6EA300B5300A /* Release */ = {
			isa = XCBuildConfiguration;
			buildSettings = {
				"CODE_SIGN_IDENTITY[sdk=macosx*]" = "-";
				CODE_SIGN_STYLE = Automatic;
				PRODUCT_NAME = "$(TARGET_NAME)";
			};
			name = Release;
		};
/* End XCBuildConfiguration section */

/* Begin XCConfigurationList section */
		BE85199C28FFD8D900CD594E /* Build configuration list for PBXProject "TP5" */ = {
			isa = XCConfigurationList;
			buildConfigurations = (
				BE8519A628FFD8D900CD594E /* Debug */,
				BE8519A728FFD8D900CD594E /* Release */,
			);
			defaultConfigurationIsVisible = 0;
			defaultConfigurationName = Release;
		};
		BE8519B328FFDABD00CD594E /* Build configuration list for PBXNativeTarget "repertoire" */ = {
			isa = XCConfigurationList;
			buildConfigurations = (
				BE8519B428FFDABD00CD594E /* Debug */,
				BE8519B528FFDABD00CD594E /* Release */,
			);
			defaultConfigurationIsVisible = 0;
			defaultConfigurationName = Release;
		};
		BE8519C52900316600CD594E /* Build configuration list for PBXNativeTarget "client-serveur" */ = {
			isa = XCConfigurationList;
			buildConfigurations = (
				BE8519C62900316600CD594E /* Debug */,
				BE8519C72900316600CD594E /* Release */,
			);
			defaultConfigurationIsVisible = 0;
			defaultConfigurationName = Release;
		};
		BE8CED55290E6EA300B5300A /* Build configuration list for PBXNativeTarget "test" */ = {
			isa = XCConfigurationList;
			buildConfigurations = (
				BE8CED53290E6EA300B5300A /* Debug */,
				BE8CED54290E6EA300B5300A /* Release */,
			);
			defaultConfigurationIsVisible = 0;
			defaultConfigurationName = Release;
		};
/* End XCConfigurationList section */
	};
	rootObject = BE85199928FFD8D900CD594E /* Project object */;
}
